{
	"name": "@yardinternet/gutenberg-editor-components",
	"version": "1.5.0",
	"lockfileVersion": 3,
	"requires": true,
	"packages": {
		"": {
			"name": "@yardinternet/gutenberg-editor-components",
			"version": "1.5.0",
			"license": "ISC",
			"dependencies": {
				"emotion": "^11.0.0"
			}
		},
		"node_modules/emotion": {
			"version": "11.0.0",
			"resolved": "https://registry.npmjs.org/emotion/-/emotion-11.0.0.tgz",
			"integrity": "sha512-QW3CRqic3aRw1OBOcnvxaHEpCmxtlGwZ5tM9dV5rY3Rn+F41E8EgTPOqJ5VfsqQ5ZXHDs2zSDyUwGI0ZfC2+5A=="
		}
	}
}
