{
	"name": "@yardinternet/gutenberg-block-filters",
	"version": "0.5.5",
	"lockfileVersion": 3,
	"requires": true,
	"packages": {
		"": {
			"name": "@yardinternet/gutenberg-block-filters",
			"version": "0.5.5",
			"license": "ISC",
			"dependencies": {
				"@yardinternet/gutenberg-editor-components": "^1.5.4",
				"filesize": "^6.1.0"
			}
		},
		"../editor-components": {
			"name": "@yardinternet/gutenberg-editor-components",
			"version": "1.5.2",
			"license": "ISC",
			"dependencies": {
				"classnames": "^2.3.2",
				"emotion": "^10.0.27",
				"lodash": "^4.17.21"
			}
		},
		"node_modules/@yardinternet/gutenberg-editor-components": {
			"resolved": "../editor-components",
			"link": true
		},
		"node_modules/filesize": {
			"version": "6.1.0",
			"license": "BSD-3-Clause",
			"engines": {
				"node": ">= 0.4.0"
			}
		}
	}
}
