{
	"name": "@yardinternet/gutenberg-webpack-loaders",
	"version": "0.1.1",
	"lockfileVersion": 3,
	"requires": true,
	"packages": {
		"": {
			"name": "@yardinternet/gutenberg-webpack-loaders",
			"version": "0.1.1",
			"license": "ISC",
			"dependencies": {
				"@yardinternet/webpack-include-packages": "^1.0.2"
			}
		},
		"node_modules/@yardinternet/webpack-include-packages": {
			"version": "1.0.2",
			"resolved": "https://npm.pkg.github.com/download/@yardinternet/webpack-include-packages/1.0.2/8ea90606788d6b7769a0e65231502cf718d77249",
			"integrity": "sha512-BdFJx3CJuzcQgFvSqazNXYiea5chP54YKEHvYuiQI83vWqCu02IUXwSTfZ+dEjIdWYfzhAwI8LX+Wk8iBQVzQA==",
			"license": "ISC"
		}
	}
}
